{
  "name": "graphjin",
  "lockfileVersion": 2,
  "requires": true,
  "packages": {
    "": {
      "name": "graphjin",
      "hasInstallScript": true,
      "license": "Apache-2.0",
      "dependencies": {
        "@go-task/cli": "^3.16.0"
      }
    },
    "node_modules/@go-task/cli": {
      "version": "3.16.0",
      "resolved": "https://registry.npmjs.org/@go-task/cli/-/cli-3.16.0.tgz",
      "integrity": "sha512-y+F7+cxt7It///0iv4ogkCyKXfWRGB+XB0bKapjVUjHX94dQKyNLzNcT3XfeOrtPG9nMsMqV9EYR9tdFyfvPJw==",
      "hasInstallScript": true,
      "dependencies": {
        "@go-task/go-npm": "^0.1.15"
      }
    },
    "node_modules/@go-task/go-npm": {
      "version": "0.1.15",
      "resolved": "https://registry.npmjs.org/@go-task/go-npm/-/go-npm-0.1.15.tgz",
      "integrity": "sha512-xG+6SsSQsa6MzWML1CABWHTwHrCrBqXc/D1POoMDGIgjsRE/PB1noSBGLFhvU5DWHdPksqbAt/w9VOjbqlXpYw==",
      "bin": {
        "go-npm": "bin/index.js"
      }
    }
  },
  "dependencies": {
    "@go-task/cli": {
      "version": "3.16.0",
      "resolved": "https://registry.npmjs.org/@go-task/cli/-/cli-3.16.0.tgz",
      "integrity": "sha512-y+F7+cxt7It///0iv4ogkCyKXfWRGB+XB0bKapjVUjHX94dQKyNLzNcT3XfeOrtPG9nMsMqV9EYR9tdFyfvPJw==",
      "requires": {
        "@go-task/go-npm": "^0.1.15"
      }
    },
    "@go-task/go-npm": {
      "version": "0.1.15",
      "resolved": "https://registry.npmjs.org/@go-task/go-npm/-/go-npm-0.1.15.tgz",
      "integrity": "sha512-xG+6SsSQsa6MzWML1CABWHTwHrCrBqXc/D1POoMDGIgjsRE/PB1noSBGLFhvU5DWHdPksqbAt/w9VOjbqlXpYw=="
    }
  }
}
