github.com/davecgh/go-spew v1.1.1 h1:vj9j/u1bqnvCEfJOwUhtlOARqs3+rkHYY13jYWTU97c=
github.com/dosco/graphjin/core/v3 v3.0.0-20230512210738-36d89904d6e1 h1:nyT2wmx8R+JmkNzNpSzY/iT5z5ajVQFkXhhCKnE6JOA=
github.com/dosco/graphjin/core/v3 v3.0.0-20230512210738-36d89904d6e1/go.mod h1:JNJBiJJCh9VzcEr8tx8yN2BddDvxCBrk8S4bO6dcw5U=
github.com/felixge/httpsnoop v1.0.3 h1:s/nj+GCswXYzN5v2DpNMuMQYe+0DDwt5WVCU6CWBdXk=
github.com/felixge/httpsnoop v1.0.3/go.mod h1:m8KPJKqk1gH5J9DgRY2ASl2lWCfGKXixSwevea8zH2U=
github.com/go-logr/logr v1.2.2/go.mod h1:jdQByPbusPIv2/zmleS9BjJVeZ6kBagPoEUsqbVz/1A=
github.com/go-logr/logr v1.2.4 h1:g01GSCwiDw2xSZfjJ2/T9M+S6pFdcNtFYsp+Y43HYDQ=
github.com/go-logr/logr v1.2.4/go.mod h1:jdQByPbusPIv2/zmleS9BjJVeZ6kBagPoEUsqbVz/1A=
github.com/go-logr/stdr v1.2.2 h1:hSWxHoqTgW2S2qGc0LTAI563KZ5YKYRhT3MFKZMbjag=
github.com/go-logr/stdr v1.2.2/go.mod h1:mMo/vtBO5dYbehREoey6XUKy/eSumjCCveDpRre4VKE=
github.com/google/go-cmp v0.5.9 h1:O2Tfq5qg4qc4AmwVlvv0oLiVAGB7enBSJ2x2DqQFi38=
github.com/hashicorp/golang-lru v0.5.4 h1:YDjusn29QI/Das2iO9M0BHnIbxPeyuCHsjMW+lJfyTc=
github.com/hashicorp/golang-lru v0.5.4/go.mod h1:iADmTwqILo4mZ8BN3D2Q6+9jd8WM5uGBxy+E8yxSoD4=
github.com/pmezard/go-difflib v1.0.0 h1:4DBwDE0NGyQoBHbLQYPwSUPoCMWR5BEzIk/f1lZbAQM=
github.com/stretchr/testify v1.8.4 h1:CcVxjf3Q8PM0mHUKJCdn+eZZtm5yQwehR5yeSVQQcUk=
go.opentelemetry.io/contrib/instrumentation/net/http/otelhttp v0.44.0 h1:KfYpVmrjI7JuToy5k8XV3nkapjWx48k4E4JOtVstzQI=
go.opentelemetry.io/contrib/instrumentation/net/http/otelhttp v0.44.0/go.mod h1:SeQhzAEccGVZVEy7aH87Nh0km+utSpo1pTv6eMMop48=
go.opentelemetry.io/otel v1.18.0 h1:TgVozPGZ01nHyDZxK5WGPFB9QexeTMXEH7+tIClWfzs=
go.opentelemetry.io/otel v1.18.0/go.mod h1:9lWqYO0Db579XzVuCKFNPDl4s73Voa+zEck3wHaAYQI=
go.opentelemetry.io/otel/metric v1.18.0 h1:JwVzw94UYmbx3ej++CwLUQZxEODDj/pOuTCvzhtRrSQ=
go.opentelemetry.io/otel/metric v1.18.0/go.mod h1:nNSpsVDjWGfb7chbRLUNW+PBNdcSTHD4Uu5pfFMOI0k=
go.opentelemetry.io/otel/trace v1.18.0 h1:NY+czwbHbmndxojTEKiSMHkG2ClNH2PwmcHrdo0JY10=
go.opentelemetry.io/otel/trace v1.18.0/go.mod h1:T2+SGJGuYZY3bjj5rgh/hN7KIrlpWC5nS8Mjvzckz+0=
golang.org/x/sync v0.2.0 h1:PUR+T4wwASmuSTYdKjYHI5TD22Wy5ogLU5qZCOLxBrI=
golang.org/x/sync v0.2.0/go.mod h1:RxMgew5VJxzue5/jJTE5uejpjVlOe/izrB70Jof72aM=
gopkg.in/yaml.v3 v3.0.1 h1:fxVm/GzAzEWqLHuvctI91KS9hhNmmWOoWu0XTYJS7CA=
