github.com/dosco/graphjin/conf/v3 v3.0.0-20230127082222-13448e4d7160 h1:dlKfNPMwF4e9be03l64Ucu676zM44SihBJ3CkI7DeYE=
github.com/dosco/graphjin/conf/v3 v3.0.0-20230127082222-13448e4d7160/go.mod h1:WGM3vR9sNTtpFGDbcH/xXSh8R80z79wUScqBDrrjqO4=
github.com/dosco/graphjin/core/v3 v3.0.0-20230131095039-2864a2e4a4db h1:Y7oO3VIhvREY8zKlbQBKWWs6WtEpomZihf7+0o6n5vQ=
github.com/dosco/graphjin/core/v3 v3.0.0-20230131095039-2864a2e4a4db/go.mod h1:JNJBiJJCh9VzcEr8tx8yN2BddDvxCBrk8S4bO6dcw5U=
github.com/dosco/graphjin/plugin/osfs/v3 v3.0.0-20230125094531-96f5ec6d2d29 h1:Ctl/1wccrwLRXwnShEeG3KwexhFRJMx5L11ltwjlbiU=
github.com/dosco/graphjin/plugin/osfs/v3 v3.0.0-20230125094531-96f5ec6d2d29/go.mod h1:lg2ZkWi2PmA8d8t0vL7fgyFc1bKAkSIb6sWnOWmaseQ=
github.com/hashicorp/golang-lru v0.5.4 h1:YDjusn29QI/Das2iO9M0BHnIbxPeyuCHsjMW+lJfyTc=
github.com/hashicorp/golang-lru v0.5.4/go.mod h1:iADmTwqILo4mZ8BN3D2Q6+9jd8WM5uGBxy+E8yxSoD4=
golang.org/x/sync v0.1.0 h1:wsuoTGHzEhffawBOhz5CYhcrV4IdKZbEyZjBMuTp12o=
golang.org/x/sync v0.1.0/go.mod h1:RxMgew5VJxzue5/jJTE5uejpjVlOe/izrB70Jof72aM=
gopkg.in/check.v1 v0.0.0-20161208181325-20d25e280405 h1:yhCVgyC4o1eVCa2tZl7eS0r+SDo693bJlVdllGtEeKM=
gopkg.in/check.v1 v0.0.0-20161208181325-20d25e280405/go.mod h1:Co6ibVJAznAaIkqp8huTwlJQCZ016jof/cbN4VW5Yz0=
gopkg.in/yaml.v3 v3.0.1 h1:fxVm/GzAzEWqLHuvctI91KS9hhNmmWOoWu0XTYJS7CA=
gopkg.in/yaml.v3 v3.0.1/go.mod h1:K4uyk7z7BCEPqu6E+C64Yfv1cQ7kz7rIZviUmN+EgEM=
